
Microsoft Visual Studio Solution File, Format Version 12.00
# Visual Studio Version 17
VisualStudioVersion = 17.2.32526.322
MinimumVisualStudioVersion = 10.0.40219.1
Project("{FAE04EC0-301F-11D3-BF4B-00C04F79EFBC}") = "HW4_WIN_API", "HW4_WIN_API.csproj", "{36D6B9C5-09E4-49F3-AD07-E8AB35E2EC1C}"
EndProject
Global
	GlobalSection(SolutionConfigurationPlatforms) = preSolution
		Debug|Any CPU = Debug|Any CPU
		Release|Any CPU = Release|Any CPU
	EndGlobalSection
	GlobalSection(ProjectConfigurationPlatforms) = postSolution
		{36D6B9C5-09E4-49F3-AD07-E8AB35E2EC1C}.Debug|Any CPU.ActiveCfg = Debug|Any CPU
		{36D6B9C5-09E4-49F3-AD07-E8AB35E2EC1C}.Debug|Any CPU.Build.0 = Debug|Any CPU
		{36D6B9C5-09E4-49F3-AD07-E8AB35E2EC1C}.Release|Any CPU.ActiveCfg = Release|Any CPU
		{36D6B9C5-09E4-49F3-AD07-E8AB35E2EC1C}.Release|Any CPU.Build.0 = Release|Any CPU
	EndGlobalSection
	GlobalSection(SolutionProperties) = preSolution
		HideSolutionNode = FALSE
	EndGlobalSection
	GlobalSection(ExtensibilityGlobals) = postSolution
		SolutionGuid = {FC764EAD-6C41-4039-97E8-64759BF886FF}
	EndGlobalSection
EndGlobal
