
Microsoft Visual Studio Solution File, Format Version 12.00
# Visual Studio Version 17
VisualStudioVersion = 17.2.32526.322
MinimumVisualStudioVersion = 10.0.40219.1
Project("{FAE04EC0-301F-11D3-BF4B-00C04F79EFBC}") = "HW_2_SYS_PROG", "HW_2_SYS_PROG.csproj", "{50D362A9-6CD7-489C-A786-818E943B2981}"
EndProject
Global
	GlobalSection(SolutionConfigurationPlatforms) = preSolution
		Debug|Any CPU = Debug|Any CPU
		Release|Any CPU = Release|Any CPU
	EndGlobalSection
	GlobalSection(ProjectConfigurationPlatforms) = postSolution
		{50D362A9-6CD7-489C-A786-818E943B2981}.Debug|Any CPU.ActiveCfg = Debug|Any CPU
		{50D362A9-6CD7-489C-A786-818E943B2981}.Debug|Any CPU.Build.0 = Debug|Any CPU
		{50D362A9-6CD7-489C-A786-818E943B2981}.Release|Any CPU.ActiveCfg = Release|Any CPU
		{50D362A9-6CD7-489C-A786-818E943B2981}.Release|Any CPU.Build.0 = Release|Any CPU
	EndGlobalSection
	GlobalSection(SolutionProperties) = preSolution
		HideSolutionNode = FALSE
	EndGlobalSection
	GlobalSection(ExtensibilityGlobals) = postSolution
		SolutionGuid = {C8ACE46F-2D6A-4222-A538-95F576DBD19C}
	EndGlobalSection
EndGlobal
