
Microsoft Visual Studio Solution File, Format Version 12.00
# Visual Studio Version 17
VisualStudioVersion = 17.2.32526.322
MinimumVisualStudioVersion = 10.0.40219.1
Project("{FAE04EC0-301F-11D3-BF4B-00C04F79EFBC}") = "Library3", "Library3.csproj", "{EBCE687A-C970-4DEC-9F67-69A02980F40A}"
EndProject
Global
	GlobalSection(SolutionConfigurationPlatforms) = preSolution
		Debug|Any CPU = Debug|Any CPU
		Release|Any CPU = Release|Any CPU
	EndGlobalSection
	GlobalSection(ProjectConfigurationPlatforms) = postSolution
		{EBCE687A-C970-4DEC-9F67-69A02980F40A}.Debug|Any CPU.ActiveCfg = Debug|Any CPU
		{EBCE687A-C970-4DEC-9F67-69A02980F40A}.Debug|Any CPU.Build.0 = Debug|Any CPU
		{EBCE687A-C970-4DEC-9F67-69A02980F40A}.Release|Any CPU.ActiveCfg = Release|Any CPU
		{EBCE687A-C970-4DEC-9F67-69A02980F40A}.Release|Any CPU.Build.0 = Release|Any CPU
	EndGlobalSection
	GlobalSection(SolutionProperties) = preSolution
		HideSolutionNode = FALSE
	EndGlobalSection
	GlobalSection(ExtensibilityGlobals) = postSolution
		SolutionGuid = {8EB18F06-7DD7-49A8-8B7D-608BDC8FDCBD}
	EndGlobalSection
EndGlobal
