
Microsoft Visual Studio Solution File, Format Version 12.00
# Visual Studio Version 17
VisualStudioVersion = 17.2.32526.322
MinimumVisualStudioVersion = 10.0.40219.1
Project("{FAE04EC0-301F-11D3-BF4B-00C04F79EFBC}") = "Task1", "Task1.csproj", "{F6A76144-C99A-4223-A32F-BD2CAD46DABE}"
EndProject
Global
	GlobalSection(SolutionConfigurationPlatforms) = preSolution
		Debug|Any CPU = Debug|Any CPU
		Release|Any CPU = Release|Any CPU
	EndGlobalSection
	GlobalSection(ProjectConfigurationPlatforms) = postSolution
		{F6A76144-C99A-4223-A32F-BD2CAD46DABE}.Debug|Any CPU.ActiveCfg = Debug|Any CPU
		{F6A76144-C99A-4223-A32F-BD2CAD46DABE}.Debug|Any CPU.Build.0 = Debug|Any CPU
		{F6A76144-C99A-4223-A32F-BD2CAD46DABE}.Release|Any CPU.ActiveCfg = Release|Any CPU
		{F6A76144-C99A-4223-A32F-BD2CAD46DABE}.Release|Any CPU.Build.0 = Release|Any CPU
	EndGlobalSection
	GlobalSection(SolutionProperties) = preSolution
		HideSolutionNode = FALSE
	EndGlobalSection
	GlobalSection(ExtensibilityGlobals) = postSolution
		SolutionGuid = {37401A2F-3841-4E12-A1D1-CF9365C0CB8E}
	EndGlobalSection
EndGlobal
